<?xml version="1.0" encoding="utf-8"?>
<Project ToolsVersion="4.0" xmlns="http://schemas.microsoft.com/developer/msbuild/2003">
  <ItemGroup>
    <Filter Include="Исходные файлы">
      <UniqueIdentifier>{4FC737F1-C7A5-4376-A066-2A32D752A2FF}</UniqueIdentifier>
      <Extensions>cpp;c;cc;cxx;c++;cppm;ixx;def;odl;idl;hpj;bat;asm;asmx</Extensions>
    </Filter>
    <Filter Include="Файлы заголовков">
      <UniqueIdentifier>{93995380-89BD-4b04-88EB-625FBE52EBFB}</UniqueIdentifier>
      <Extensions>h;hh;hpp;hxx;h++;hm;inl;inc;ipp;xsd</Extensions>
    </Filter>
    <Filter Include="Файлы ресурсов">
      <UniqueIdentifier>{67DA6AB6-F800-4c08-8B7A-83BB121AAD01}</UniqueIdentifier>
      <Extensions>rc;ico;cur;bmp;dlg;rc2;rct;bin;rgs;gif;jpg;jpeg;jpe;resx;tiff;tif;png;wav;mfcribbon-ms</Extensions>
    </Filter>
    <Filter Include="Исходные файлы\Классы">
      <UniqueIdentifier>{e172e9ce-6669-4246-b0d5-be95d53ddbf4}</UniqueIdentifier>
    </Filter>
    <Filter Include="Файлы заголовков\Классы">
      <UniqueIdentifier>{821ebac0-9e74-4ed6-93fd-0dcacd222585}</UniqueIdentifier>
    </Filter>
    <Filter Include="Файлы заголовков\Файлы">
      <UniqueIdentifier>{5d72e999-5009-44af-a09a-a90ca29d6935}</UniqueIdentifier>
    </Filter>
    <Filter Include="Файлы заголовков\Контейнер_итератор_алгоритмы">
      <UniqueIdentifier>{f81a7fed-87ed-440e-9f37-19f48ed27406}</UniqueIdentifier>
    </Filter>
    <Filter Include="Файлы заголовков\Интерфейс">
      <UniqueIdentifier>{35a0a02e-8222-42e3-9652-edeb52bfdb0e}</UniqueIdentifier>
    </Filter>
    <Filter Include="Исходные файлы\Контейнер_итератор">
      <UniqueIdentifier>{e5a33c72-1c25-4efd-86fd-e2a0f16931a5}</UniqueIdentifier>
    </Filter>
  </ItemGroup>
  <ItemGroup>
    <ClInclude Include="CALENDAR.h">
      <Filter>Файлы заголовков\Классы</Filter>
    </ClInclude>
    <ClInclude Include="GlobalInformation.h">
      <Filter>Файлы заголовков\Классы</Filter>
    </ClInclude>
    <ClInclude Include="HalfAYearPlan.h">
      <Filter>Файлы заголовков\Классы</Filter>
    </ClInclude>
    <ClInclude Include="MonthPlans.h">
      <Filter>Файлы заголовков\Классы</Filter>
    </ClInclude>
    <ClInclude Include="Notes.h">
      <Filter>Файлы заголовков\Классы</Filter>
    </ClInclude>
    <ClInclude Include="Notificatons.h">
      <Filter>Файлы заголовков\Классы</Filter>
    </ClInclude>
    <ClInclude Include="File.h">
      <Filter>Файлы заголовков\Файлы</Filter>
    </ClInclude>
    <ClInclude Include="TxtFile.h">
      <Filter>Файлы заголовков\Файлы</Filter>
    </ClInclude>
    <ClInclude Include="MyIterator.h">
      <Filter>Файлы заголовков\Контейнер_итератор_алгоритмы</Filter>
    </ClInclude>
    <ClInclude Include="NodeRing.h">
      <Filter>Файлы заголовков\Контейнер_итератор_алгоритмы</Filter>
    </ClInclude>
    <ClInclude Include="RING.h">
      <Filter>Файлы заголовков\Контейнер_итератор_алгоритмы</Filter>
    </ClInclude>
    <ClInclude Include="Algorythm.h">
      <Filter>Файлы заголовков\Контейнер_итератор_алгоритмы</Filter>
    </ClInclude>
    <ClInclude Include="INTERFACE.h">
      <Filter>Файлы заголовков\Интерфейс</Filter>
    </ClInclude>
    <ClInclude Include="EXCEPTION.h">
      <Filter>Файлы заголовков\Контейнер_итератор_алгоритмы</Filter>
    </ClInclude>
    <ClInclude Include="Message.h">
      <Filter>Файлы заголовков\Классы</Filter>
    </ClInclude>
  </ItemGroup>
  <ItemGroup>
    <ClCompile Include="MAIN.cpp">
      <Filter>Исходные файлы</Filter>
    </ClCompile>
    <ClCompile Include="INTERFACE.cpp">
      <Filter>Исходные файлы</Filter>
    </ClCompile>
    <ClCompile Include="CALENDAR.cpp">
      <Filter>Исходные файлы\Классы</Filter>
    </ClCompile>
    <ClCompile Include="GlobalInformation.cpp">
      <Filter>Исходные файлы\Классы</Filter>
    </ClCompile>
    <ClCompile Include="HalfAYearPlan.cpp">
      <Filter>Исходные файлы\Классы</Filter>
    </ClCompile>
    <ClCompile Include="MonthPlans.cpp">
      <Filter>Исходные файлы\Классы</Filter>
    </ClCompile>
    <ClCompile Include="Notes.cpp">
      <Filter>Исходные файлы\Классы</Filter>
    </ClCompile>
    <ClCompile Include="Notifications.cpp">
      <Filter>Исходные файлы\Классы</Filter>
    </ClCompile>
    <ClCompile Include="TxtFile.cpp">
      <Filter>Исходные файлы</Filter>
    </ClCompile>
    <ClCompile Include="MyIterator.cpp">
      <Filter>Исходные файлы\Контейнер_итератор</Filter>
    </ClCompile>
    <ClCompile Include="NodeRing.cpp">
      <Filter>Исходные файлы\Контейнер_итератор</Filter>
    </ClCompile>
    <ClCompile Include="RING.cpp">
      <Filter>Исходные файлы\Контейнер_итератор</Filter>
    </ClCompile>
    <ClCompile Include="EXCEPTION.cpp">
      <Filter>Исходные файлы</Filter>
    </ClCompile>
    <ClCompile Include="Message.cpp">
      <Filter>Исходные файлы\Классы</Filter>
    </ClCompile>
  </ItemGroup>
  <ItemGroup>
    <None Include="ClassDiagram.cd" />
    <None Include="Interface.inl">
      <Filter>Файлы заголовков\Интерфейс</Filter>
    </None>
    <None Include="ClassDiagram1.cd" />
  </ItemGroup>
</Project>